{
  "name": "ausbildungsnachweisschreiber",
  "version": "1.0.0",
  "lockfileVersion": 3,
  "requires": true,
  "packages": {
    "": {
      "name": "ausbildungsnachweisschreiber",
      "version": "1.0.0",
      "license": "ISC",
      "dependencies": {
        "date-fns": "^3.3.1",
        "pdf-lib": "^1.17.1",
        "pdffiller": "^0.0.11"
      }
    },
    "node_modules/@pdf-lib/standard-fonts": {
      "version": "1.0.0",
      "resolved": "https://registry.npmjs.org/@pdf-lib/standard-fonts/-/standard-fonts-1.0.0.tgz",
      "integrity": "sha512-hU30BK9IUN/su0Mn9VdlVKsWBS6GyhVfqjwl1FjZN4TxP6cCw0jP2w7V3Hf5uX7M0AZJ16vey9yE0ny7Sa59ZA==",
      "dependencies": {
        "pako": "^1.0.6"
      }
    },
    "node_modules/@pdf-lib/upng": {
      "version": "1.0.1",
      "resolved": "https://registry.npmjs.org/@pdf-lib/upng/-/upng-1.0.1.tgz",
      "integrity": "sha512-dQK2FUMQtowVP00mtIksrlZhdFXQZPC+taih1q4CvPZ5vqdxR/LKBaFg0oAfzd1GlHZXXSPdQfzQnt+ViGvEIQ==",
      "dependencies": {
        "pako": "^1.0.10"
      }
    },
    "node_modules/date-fns": {
      "version": "3.3.1",
      "resolved": "https://registry.npmjs.org/date-fns/-/date-fns-3.3.1.tgz",
      "integrity": "sha512-y8e109LYGgoQDveiEBD3DYXKba1jWf5BA8YU1FL5Tvm0BTdEfy54WLCwnuYWZNnzzvALy/QQ4Hov+Q9RVRv+Zw==",
      "funding": {
        "type": "github",
        "url": "https://github.com/sponsors/kossnocorp"
      }
    },
    "node_modules/iconv": {
      "version": "3.0.1",
      "resolved": "https://registry.npmjs.org/iconv/-/iconv-3.0.1.tgz",
      "integrity": "sha512-lJnFLxVc0d82R7GfU7a9RujKVUQ3Eee19tPKWZWBJtAEGRHVEyFzCtbNl3GPKuDnHBBRT4/nDS4Ru9AIDT72qA==",
      "hasInstallScript": true,
      "engines": {
        "node": ">=10.0.0"
      }
    },
    "node_modules/lodash": {
      "version": "4.17.21",
      "resolved": "https://registry.npmjs.org/lodash/-/lodash-4.17.21.tgz",
      "integrity": "sha512-v2kDEe57lecTulaDIuNTPy3Ry4gLGJ6Z1O3vE1krgXZNrsQ+LFTGHVxVjcXPs17LhbZVGedAJv8XZ1tvj5FvSg=="
    },
    "node_modules/pako": {
      "version": "1.0.11",
      "resolved": "https://registry.npmjs.org/pako/-/pako-1.0.11.tgz",
      "integrity": "sha512-4hLB8Py4zZce5s4yd9XzopqwVv/yGNhV1Bl8NTmCq1763HeK2+EwVTv+leGeL13Dnh2wfbqowVPXCIO0z4taYw=="
    },
    "node_modules/pdf-lib": {
      "version": "1.17.1",
      "resolved": "https://registry.npmjs.org/pdf-lib/-/pdf-lib-1.17.1.tgz",
      "integrity": "sha512-V/mpyJAoTsN4cnP31vc0wfNA1+p20evqqnap0KLoRUN0Yk/p3wN52DOEsL4oBFcLdb76hlpKPtzJIgo67j/XLw==",
      "dependencies": {
        "@pdf-lib/standard-fonts": "^1.0.0",
        "@pdf-lib/upng": "^1.0.1",
        "pako": "^1.0.11",
        "tslib": "^1.11.1"
      }
    },
    "node_modules/pdffiller": {
      "version": "0.0.11",
      "resolved": "https://registry.npmjs.org/pdffiller/-/pdffiller-0.0.11.tgz",
      "integrity": "sha512-VuiWyEgydNVeXX1rAhU+3yimEiZegtuMIBhS54bm8K6WHLzS8OSbGdVefJQGD49mmRlfCxi87JkSjyx468C8kQ==",
      "dependencies": {
        "lodash": "~4.17.11",
        "utf8-fdf-generator": "0.0.3"
      }
    },
    "node_modules/tslib": {
      "version": "1.14.1",
      "resolved": "https://registry.npmjs.org/tslib/-/tslib-1.14.1.tgz",
      "integrity": "sha512-Xni35NKzjgMrwevysHTCArtLDpPvye8zV/0E4EyYn43P7/7qvQwPh9BGkHewbMulVntbigmcT7rdX3BNo9wRJg=="
    },
    "node_modules/utf8-fdf-generator": {
      "version": "0.0.3",
      "resolved": "https://registry.npmjs.org/utf8-fdf-generator/-/utf8-fdf-generator-0.0.3.tgz",
      "integrity": "sha512-M92vHNZwQm60ri9W1Yc4WxREbqIjN6TsU++ofkidxq9v+BOU+5GM2bHCwcGQStJaU5c3aB3JRCGe4kaflQavQg==",
      "dependencies": {
        "iconv": "*"
      },
      "engines": {
        "node": "*"
      }
    }
  }
}
